
Microsoft Visual Studio Solution File, Format Version 12.00
# Visual Studio 15
VisualStudioVersion = 15.0.27130.2024
MinimumVisualStudioVersion = 10.0.40219.1
Project("{FAE04EC0-301F-11D3-BF4B-00C04F79EFBC}") = "HospitalLibrary", "HospitalLibraryModel\HospitalLibrary.csproj", "{CADA222C-390D-4365-AB00-5083E65C8F09}"
EndProject
Project("{FAE04EC0-301F-11D3-BF4B-00C04F79EFBC}") = "HospitalSystemUI", "HospitalLibraryUI\HospitalSystemUI.csproj", "{3FB8ED5A-2EF2-418D-A3C5-F7A8217E5254}"
	ProjectSection(ProjectDependencies) = postProject
		{CADA222C-390D-4365-AB00-5083E65C8F09} = {CADA222C-390D-4365-AB00-5083E65C8F09}
	EndProjectSection
EndProject
Global
	GlobalSection(SolutionConfigurationPlatforms) = preSolution
		Debug|Any CPU = Debug|Any CPU
		Release|Any CPU = Release|Any CPU
	EndGlobalSection
	GlobalSection(ProjectConfigurationPlatforms) = postSolution
		{CADA222C-390D-4365-AB00-5083E65C8F09}.Debug|Any CPU.ActiveCfg = Debug|Any CPU
		{CADA222C-390D-4365-AB00-5083E65C8F09}.Debug|Any CPU.Build.0 = Debug|Any CPU
		{CADA222C-390D-4365-AB00-5083E65C8F09}.Release|Any CPU.ActiveCfg = Release|Any CPU
		{CADA222C-390D-4365-AB00-5083E65C8F09}.Release|Any CPU.Build.0 = Release|Any CPU
		{3FB8ED5A-2EF2-418D-A3C5-F7A8217E5254}.Debug|Any CPU.ActiveCfg = Debug|Any CPU
		{3FB8ED5A-2EF2-418D-A3C5-F7A8217E5254}.Debug|Any CPU.Build.0 = Debug|Any CPU
		{3FB8ED5A-2EF2-418D-A3C5-F7A8217E5254}.Release|Any CPU.ActiveCfg = Release|Any CPU
		{3FB8ED5A-2EF2-418D-A3C5-F7A8217E5254}.Release|Any CPU.Build.0 = Release|Any CPU
	EndGlobalSection
	GlobalSection(SolutionProperties) = preSolution
		HideSolutionNode = FALSE
	EndGlobalSection
	GlobalSection(ExtensibilityGlobals) = postSolution
		SolutionGuid = {E9106F77-B8DE-4E34-94E2-FF43D025E027}
	EndGlobalSection
EndGlobal
